// !$*UTF8*$!
{
	archiveVersion = 1;
	classes = {
	};
	objectVersion = 51;
	objects = {

/* Begin PBXBuildFile section */
		0DECAE90FAE91525641996BE /* Pods_flixster.framework in Frameworks */ = {isa = PBXBuildFile; fileRef = A6ACB5EE73C5EDCCC5961E98 /* Pods_flixster.framework */; };
		0FCDFB8540601C1679B15A50 /* Pods_flixster_flixsterUITests.framework in Frameworks */ = {isa = PBXBuildFile; fileRef = 2C70F160ADBBCF34ABCCAE2F /* Pods_flixster_flixsterUITests.framework */; };
		AE2189A956AEC34CAB1EA768 /* Pods_flixsterTests.framework in Frameworks */ = {isa = PBXBuildFile; fileRef = 1C1893345EB4FAFFC2005E09 /* Pods_flixsterTests.framework */; };
		DD9F63A2251D3C24005370F9 /* AppDelegate.swift in Sources */ = {isa = PBXBuildFile; fileRef = DD9F63A1251D3C24005370F9 /* AppDelegate.swift */; };
		DD9F63A4251D3C24005370F9 /* SceneDelegate.swift in Sources */ = {isa = PBXBuildFile; fileRef = DD9F63A3251D3C24005370F9 /* SceneDelegate.swift */; };
		DD9F63A9251D3C24005370F9 /* Main.storyboard in Resources */ = {isa = PBXBuildFile; fileRef = DD9F63A7251D3C24005370F9 /* Main.storyboard */; };
		DD9F63AB251D3C26005370F9 /* Assets.xcassets in Resources */ = {isa = PBXBuildFile; fileRef = DD9F63AA251D3C26005370F9 /* Assets.xcassets */; };
		DD9F63AE251D3C26005370F9 /* LaunchScreen.storyboard in Resources */ = {isa = PBXBuildFile; fileRef = DD9F63AC251D3C26005370F9 /* LaunchScreen.storyboard */; };
		DD9F63B9251D3C26005370F9 /* flixsterTests.swift in Sources */ = {isa = PBXBuildFile; fileRef = DD9F63B8251D3C26005370F9 /* flixsterTests.swift */; };
		DD9F63C4251D3C26005370F9 /* flixsterUITests.swift in Sources */ = {isa = PBXBuildFile; fileRef = DD9F63C3251D3C26005370F9 /* flixsterUITests.swift */; };
		DD9F63D2251D3E3D005370F9 /* MoviewViewController.swift in Sources */ = {isa = PBXBuildFile; fileRef = DD9F63D1251D3E3D005370F9 /* MoviewViewController.swift */; };
		DD9F63D4251D4398005370F9 /* MovieCell.swift in Sources */ = {isa = PBXBuildFile; fileRef = DD9F63D3251D4398005370F9 /* MovieCell.swift */; };
		DDB8A7B82526774800F99C8C /* MovieDetailsViewController.swift in Sources */ = {isa = PBXBuildFile; fileRef = DDB8A7B72526774700F99C8C /* MovieDetailsViewController.swift */; };
		DDB8A7BA252682D400F99C8C /* MovieGridViewController.swift in Sources */ = {isa = PBXBuildFile; fileRef = DDB8A7B9252682D400F99C8C /* MovieGridViewController.swift */; };
		DDB8A7BC2526864300F99C8C /* MovieGridCell.swift in Sources */ = {isa = PBXBuildFile; fileRef = DDB8A7BB2526864300F99C8C /* MovieGridCell.swift */; };
/* End PBXBuildFile section */

/* Begin PBXContainerItemProxy section */
		DD9F63B5251D3C26005370F9 /* PBXContainerItemProxy */ = {
			isa = PBXContainerItemProxy;
			containerPortal = DD9F6396251D3C24005370F9 /* Project object */;
			proxyType = 1;
			remoteGlobalIDString = DD9F639D251D3C24005370F9;
			remoteInfo = flixster;
		};
		DD9F63C0251D3C26005370F9 /* PBXContainerItemProxy */ = {
			isa = PBXContainerItemProxy;
			containerPortal = DD9F6396251D3C24005370F9 /* Project object */;
			proxyType = 1;
			remoteGlobalIDString = DD9F639D251D3C24005370F9;
			remoteInfo = flixster;
		};
/* End PBXContainerItemProxy section */

/* Begin PBXFileReference section */
		0B83ED678A02878352B09FE5 /* Pods-flixster.release.xcconfig */ = {isa = PBXFileReference; includeInIndex = 1; lastKnownFileType = text.xcconfig; name = "Pods-flixster.release.xcconfig"; path = "Target Support Files/Pods-flixster/Pods-flixster.release.xcconfig"; sourceTree = "<group>"; };
		12A57101434C1DF00145CEE9 /* Pods-flixster-flixsterUITests.release.xcconfig */ = {isa = PBXFileReference; includeInIndex = 1; lastKnownFileType = text.xcconfig; name = "Pods-flixster-flixsterUITests.release.xcconfig"; path = "Target Support Files/Pods-flixster-flixsterUITests/Pods-flixster-flixsterUITests.release.xcconfig"; sourceTree = "<group>"; };
		1C1893345EB4FAFFC2005E09 /* Pods_flixsterTests.framework */ = {isa = PBXFileReference; explicitFileType = wrapper.framework; includeInIndex = 0; path = Pods_flixsterTests.framework; sourceTree = BUILT_PRODUCTS_DIR; };
		2C70F160ADBBCF34ABCCAE2F /* Pods_flixster_flixsterUITests.framework */ = {isa = PBXFileReference; explicitFileType = wrapper.framework; includeInIndex = 0; path = Pods_flixster_flixsterUITests.framework; sourceTree = BUILT_PRODUCTS_DIR; };
		43ACC39ACCAE7E1B78129070 /* Pods-flixster.debug.xcconfig */ = {isa = PBXFileReference; includeInIndex = 1; lastKnownFileType = text.xcconfig; name = "Pods-flixster.debug.xcconfig"; path = "Target Support Files/Pods-flixster/Pods-flixster.debug.xcconfig"; sourceTree = "<group>"; };
		4D0C212B8F3FEFB817FF223B /* Pods-flixsterTests.debug.xcconfig */ = {isa = PBXFileReference; includeInIndex = 1; lastKnownFileType = text.xcconfig; name = "Pods-flixsterTests.debug.xcconfig"; path = "Target Support Files/Pods-flixsterTests/Pods-flixsterTests.debug.xcconfig"; sourceTree = "<group>"; };
		756EA4B0DFD0F976DCD69263 /* Pods-flixsterTests.release.xcconfig */ = {isa = PBXFileReference; includeInIndex = 1; lastKnownFileType = text.xcconfig; name = "Pods-flixsterTests.release.xcconfig"; path = "Target Support Files/Pods-flixsterTests/Pods-flixsterTests.release.xcconfig"; sourceTree = "<group>"; };
		A6ACB5EE73C5EDCCC5961E98 /* Pods_flixster.framework */ = {isa = PBXFileReference; explicitFileType = wrapper.framework; includeInIndex = 0; path = Pods_flixster.framework; sourceTree = BUILT_PRODUCTS_DIR; };
		DD9F639E251D3C24005370F9 /* flixster.app */ = {isa = PBXFileReference; explicitFileType = wrapper.application; includeInIndex = 0; path = flixster.app; sourceTree = BUILT_PRODUCTS_DIR; };
		DD9F63A1251D3C24005370F9 /* AppDelegate.swift */ = {isa = PBXFileReference; lastKnownFileType = sourcecode.swift; path = AppDelegate.swift; sourceTree = "<group>"; };
		DD9F63A3251D3C24005370F9 /* SceneDelegate.swift */ = {isa = PBXFileReference; lastKnownFileType = sourcecode.swift; path = SceneDelegate.swift; sourceTree = "<group>"; };
		DD9F63A8251D3C24005370F9 /* Base */ = {isa = PBXFileReference; lastKnownFileType = file.storyboard; name = Base; path = Base.lproj/Main.storyboard; sourceTree = "<group>"; };
		DD9F63AA251D3C26005370F9 /* Assets.xcassets */ = {isa = PBXFileReference; lastKnownFileType = folder.assetcatalog; path = Assets.xcassets; sourceTree = "<group>"; };
		DD9F63AD251D3C26005370F9 /* Base */ = {isa = PBXFileReference; lastKnownFileType = file.storyboard; name = Base; path = Base.lproj/LaunchScreen.storyboard; sourceTree = "<group>"; };
		DD9F63AF251D3C26005370F9 /* Info.plist */ = {isa = PBXFileReference; lastKnownFileType = text.plist.xml; path = Info.plist; sourceTree = "<group>"; };
		DD9F63B4251D3C26005370F9 /* flixsterTests.xctest */ = {isa = PBXFileReference; explicitFileType = wrapper.cfbundle; includeInIndex = 0; path = flixsterTests.xctest; sourceTree = BUILT_PRODUCTS_DIR; };
		DD9F63B8251D3C26005370F9 /* flixsterTests.swift */ = {isa = PBXFileReference; lastKnownFileType = sourcecode.swift; path = flixsterTests.swift; sourceTree = "<group>"; };
		DD9F63BA251D3C26005370F9 /* Info.plist */ = {isa = PBXFileReference; lastKnownFileType = text.plist.xml; path = Info.plist; sourceTree = "<group>"; };
		DD9F63BF251D3C26005370F9 /* flixsterUITests.xctest */ = {isa = PBXFileReference; explicitFileType = wrapper.cfbundle; includeInIndex = 0; path = flixsterUITests.xctest; sourceTree = BUILT_PRODUCTS_DIR; };
		DD9F63C3251D3C26005370F9 /* flixsterUITests.swift */ = {isa = PBXFileReference; lastKnownFileType = sourcecode.swift; path = flixsterUITests.swift; sourceTree = "<group>"; };
		DD9F63C5251D3C26005370F9 /* Info.plist */ = {isa = PBXFileReference; lastKnownFileType = text.plist.xml; path = Info.plist; sourceTree = "<group>"; };
		DD9F63D1251D3E3D005370F9 /* MoviewViewController.swift */ = {isa = PBXFileReference; lastKnownFileType = sourcecode.swift; path = MoviewViewController.swift; sourceTree = "<group>"; };
		DD9F63D3251D4398005370F9 /* MovieCell.swift */ = {isa = PBXFileReference; lastKnownFileType = sourcecode.swift; path = MovieCell.swift; sourceTree = "<group>"; };
		DDB8A7B72526774700F99C8C /* MovieDetailsViewController.swift */ = {isa = PBXFileReference; lastKnownFileType = sourcecode.swift; path = MovieDetailsViewController.swift; sourceTree = "<group>"; };
		DDB8A7B9252682D400F99C8C /* MovieGridViewController.swift */ = {isa = PBXFileReference; lastKnownFileType = sourcecode.swift; path = MovieGridViewController.swift; sourceTree = "<group>"; };
		DDB8A7BB2526864300F99C8C /* MovieGridCell.swift */ = {isa = PBXFileReference; lastKnownFileType = sourcecode.swift; path = MovieGridCell.swift; sourceTree = "<group>"; };
		F018FE4D79774D170A283EA0 /* Pods-flixster-flixsterUITests.debug.xcconfig */ = {isa = PBXFileReference; includeInIndex = 1; lastKnownFileType = text.xcconfig; name = "Pods-flixster-flixsterUITests.debug.xcconfig"; path = "Target Support Files/Pods-flixster-flixsterUITests/Pods-flixster-flixsterUITests.debug.xcconfig"; sourceTree = "<group>"; };
/* End PBXFileReference section */

/* Begin PBXFrameworksBuildPhase section */
		DD9F639B251D3C24005370F9 /* Frameworks */ = {
			isa = PBXFrameworksBuildPhase;
			buildActionMask = 2147483647;
			files = (
				0DECAE90FAE91525641996BE /* Pods_flixster.framework in Frameworks */,
			);
			runOnlyForDeploymentPostprocessing = 0;
		};
		DD9F63B1251D3C26005370F9 /* Frameworks */ = {
			isa = PBXFrameworksBuildPhase;
			buildActionMask = 2147483647;
			files = (
				AE2189A956AEC34CAB1EA768 /* Pods_flixsterTests.framework in Frameworks */,
			);
			runOnlyForDeploymentPostprocessing = 0;
		};
		DD9F63BC251D3C26005370F9 /* Frameworks */ = {
			isa = PBXFrameworksBuildPhase;
			buildActionMask = 2147483647;
			files = (
				0FCDFB8540601C1679B15A50 /* Pods_flixster_flixsterUITests.framework in Frameworks */,
			);
			runOnlyForDeploymentPostprocessing = 0;
		};
/* End PBXFrameworksBuildPhase section */

/* Begin PBXGroup section */
		C025EE88B2502EAE81CF544B /* Pods */ = {
			isa = PBXGroup;
			children = (
				43ACC39ACCAE7E1B78129070 /* Pods-flixster.debug.xcconfig */,
				0B83ED678A02878352B09FE5 /* Pods-flixster.release.xcconfig */,
				F018FE4D79774D170A283EA0 /* Pods-flixster-flixsterUITests.debug.xcconfig */,
				12A57101434C1DF00145CEE9 /* Pods-flixster-flixsterUITests.release.xcconfig */,
				4D0C212B8F3FEFB817FF223B /* Pods-flixsterTests.debug.xcconfig */,
				756EA4B0DFD0F976DCD69263 /* Pods-flixsterTests.release.xcconfig */,
			);
			path = Pods;
			sourceTree = "<group>";
		};
		DD9F6395251D3C24005370F9 = {
			isa = PBXGroup;
			children = (
				DD9F63A0251D3C24005370F9 /* flixster */,
				DD9F63B7251D3C26005370F9 /* flixsterTests */,
				DD9F63C2251D3C26005370F9 /* flixsterUITests */,
				DD9F639F251D3C24005370F9 /* Products */,
				C025EE88B2502EAE81CF544B /* Pods */,
				FDDE34C15C3C902D02120E3C /* Frameworks */,
			);
			sourceTree = "<group>";
		};
		DD9F639F251D3C24005370F9 /* Products */ = {
			isa = PBXGroup;
			children = (
				DD9F639E251D3C24005370F9 /* flixster.app */,
				DD9F63B4251D3C26005370F9 /* flixsterTests.xctest */,
				DD9F63BF251D3C26005370F9 /* flixsterUITests.xctest */,
			);
			name = Products;
			sourceTree = "<group>";
		};
		DD9F63A0251D3C24005370F9 /* flixster */ = {
			isa = PBXGroup;
			children = (
				DD9F63A1251D3C24005370F9 /* AppDelegate.swift */,
				DD9F63A3251D3C24005370F9 /* SceneDelegate.swift */,
				DD9F63A7251D3C24005370F9 /* Main.storyboard */,
				DDB8A7BB2526864300F99C8C /* MovieGridCell.swift */,
				DD9F63D1251D3E3D005370F9 /* MoviewViewController.swift */,
				DD9F63AA251D3C26005370F9 /* Assets.xcassets */,
				DD9F63AC251D3C26005370F9 /* LaunchScreen.storyboard */,
				DD9F63AF251D3C26005370F9 /* Info.plist */,
				DD9F63D3251D4398005370F9 /* MovieCell.swift */,
				DDB8A7B72526774700F99C8C /* MovieDetailsViewController.swift */,
				DDB8A7B9252682D400F99C8C /* MovieGridViewController.swift */,
			);
			path = flixster;
			sourceTree = "<group>";
		};
		DD9F63B7251D3C26005370F9 /* flixsterTests */ = {
			isa = PBXGroup;
			children = (
				DD9F63B8251D3C26005370F9 /* flixsterTests.swift */,
				DD9F63BA251D3C26005370F9 /* Info.plist */,
			);
			path = flixsterTests;
			sourceTree = "<group>";
		};
		DD9F63C2251D3C26005370F9 /* flixsterUITests */ = {
			isa = PBXGroup;
			children = (
				DD9F63C3251D3C26005370F9 /* flixsterUITests.swift */,
				DD9F63C5251D3C26005370F9 /* Info.plist */,
			);
			path = flixsterUITests;
			sourceTree = "<group>";
		};
		FDDE34C15C3C902D02120E3C /* Frameworks */ = {
			isa = PBXGroup;
			children = (
				A6ACB5EE73C5EDCCC5961E98 /* Pods_flixster.framework */,
				2C70F160ADBBCF34ABCCAE2F /* Pods_flixster_flixsterUITests.framework */,
				1C1893345EB4FAFFC2005E09 /* Pods_flixsterTests.framework */,
			);
			name = Frameworks;
			sourceTree = "<group>";
		};
/* End PBXGroup section */

/* Begin PBXNativeTarget section */
		DD9F639D251D3C24005370F9 /* flixster */ = {
			isa = PBXNativeTarget;
			buildConfigurationList = DD9F63C8251D3C26005370F9 /* Build configuration list for PBXNativeTarget "flixster" */;
			buildPhases = (
				8582DCB2F10858A814E9D2C0 /* [CP] Check Pods Manifest.lock */,
				DD9F639A251D3C24005370F9 /* Sources */,
				DD9F639B251D3C24005370F9 /* Frameworks */,
				DD9F639C251D3C24005370F9 /* Resources */,
				32F5833C1EEEBA6A00B539EB /* [CP] Embed Pods Frameworks */,
			);
			buildRules = (
			);
			dependencies = (
			);
			name = flixster;
			productName = flixster;
			productReference = DD9F639E251D3C24005370F9 /* flixster.app */;
			productType = "com.apple.product-type.application";
		};
		DD9F63B3251D3C26005370F9 /* flixsterTests */ = {
			isa = PBXNativeTarget;
			buildConfigurationList = DD9F63CB251D3C26005370F9 /* Build configuration list for PBXNativeTarget "flixsterTests" */;
			buildPhases = (
				291C23F61979BE2C7E54AA6A /* [CP] Check Pods Manifest.lock */,
				DD9F63B0251D3C26005370F9 /* Sources */,
				DD9F63B1251D3C26005370F9 /* Frameworks */,
				DD9F63B2251D3C26005370F9 /* Resources */,
			);
			buildRules = (
			);
			dependencies = (
				DD9F63B6251D3C26005370F9 /* PBXTargetDependency */,
			);
			name = flixsterTests;
			productName = flixsterTests;
			productReference = DD9F63B4251D3C26005370F9 /* flixsterTests.xctest */;
			productType = "com.apple.product-type.bundle.unit-test";
		};
		DD9F63BE251D3C26005370F9 /* flixsterUITests */ = {
			isa = PBXNativeTarget;
			buildConfigurationList = DD9F63CE251D3C26005370F9 /* Build configuration list for PBXNativeTarget "flixsterUITests" */;
			buildPhases = (
				EEACA98FB61F213CAEE8D71F /* [CP] Check Pods Manifest.lock */,
				DD9F63BB251D3C26005370F9 /* Sources */,
				DD9F63BC251D3C26005370F9 /* Frameworks */,
				DD9F63BD251D3C26005370F9 /* Resources */,
				22172F3C7F0C5F2BAA972660 /* [CP] Embed Pods Frameworks */,
			);
			buildRules = (
			);
			dependencies = (
				DD9F63C1251D3C26005370F9 /* PBXTargetDependency */,
			);
			name = flixsterUITests;
			productName = flixsterUITests;
			productReference = DD9F63BF251D3C26005370F9 /* flixsterUITests.xctest */;
			productType = "com.apple.product-type.bundle.ui-testing";
		};
/* End PBXNativeTarget section */

/* Begin PBXProject section */
		DD9F6396251D3C24005370F9 /* Project object */ = {
			isa = PBXProject;
			attributes = {
				LastSwiftUpdateCheck = 1100;
				LastUpgradeCheck = 1100;
				ORGANIZATIONNAME = "Hanjing Zhu";
				TargetAttributes = {
					DD9F639D251D3C24005370F9 = {
						CreatedOnToolsVersion = 11.0;
					};
					DD9F63B3251D3C26005370F9 = {
						CreatedOnToolsVersion = 11.0;
						TestTargetID = DD9F639D251D3C24005370F9;
					};
					DD9F63BE251D3C26005370F9 = {
						CreatedOnToolsVersion = 11.0;
						TestTargetID = DD9F639D251D3C24005370F9;
					};
				};
			};
			buildConfigurationList = DD9F6399251D3C24005370F9 /* Build configuration list for PBXProject "flixster" */;
			compatibilityVersion = "Xcode 9.3";
			developmentRegion = en;
			hasScannedForEncodings = 0;
			knownRegions = (
				en,
				Base,
			);
			mainGroup = DD9F6395251D3C24005370F9;
			productRefGroup = DD9F639F251D3C24005370F9 /* Products */;
			projectDirPath = "";
			projectRoot = "";
			targets = (
				DD9F639D251D3C24005370F9 /* flixster */,
				DD9F63B3251D3C26005370F9 /* flixsterTests */,
				DD9F63BE251D3C26005370F9 /* flixsterUITests */,
			);
		};
/* End PBXProject section */

/* Begin PBXResourcesBuildPhase section */
		DD9F639C251D3C24005370F9 /* Resources */ = {
			isa = PBXResourcesBuildPhase;
			buildActionMask = 2147483647;
			files = (
				DD9F63AE251D3C26005370F9 /* LaunchScreen.storyboard in Resources */,
				DD9F63AB251D3C26005370F9 /* Assets.xcassets in Resources */,
				DD9F63A9251D3C24005370F9 /* Main.storyboard in Resources */,
			);
			runOnlyForDeploymentPostprocessing = 0;
		};
		DD9F63B2251D3C26005370F9 /* Resources */ = {
			isa = PBXResourcesBuildPhase;
			buildActionMask = 2147483647;
			files = (
			);
			runOnlyForDeploymentPostprocessing = 0;
		};
		DD9F63BD251D3C26005370F9 /* Resources */ = {
			isa = PBXResourcesBuildPhase;
			buildActionMask = 2147483647;
			files = (
			);
			runOnlyForDeploymentPostprocessing = 0;
		};
/* End PBXResourcesBuildPhase section */

/* Begin PBXShellScriptBuildPhase section */
		22172F3C7F0C5F2BAA972660 /* [CP] Embed Pods Frameworks */ = {
			isa = PBXShellScriptBuildPhase;
			buildActionMask = 2147483647;
			files = (
			);
			inputFileListPaths = (
				"${PODS_ROOT}/Target Support Files/Pods-flixster-flixsterUITests/Pods-flixster-flixsterUITests-frameworks-${CONFIGURATION}-input-files.xcfilelist",
			);
			name = "[CP] Embed Pods Frameworks";
			outputFileListPaths = (
				"${PODS_ROOT}/Target Support Files/Pods-flixster-flixsterUITests/Pods-flixster-flixsterUITests-frameworks-${CONFIGURATION}-output-files.xcfilelist",
			);
			runOnlyForDeploymentPostprocessing = 0;
			shellPath = /bin/sh;
			shellScript = "\"${PODS_ROOT}/Target Support Files/Pods-flixster-flixsterUITests/Pods-flixster-flixsterUITests-frameworks.sh\"\n";
			showEnvVarsInLog = 0;
		};
		291C23F61979BE2C7E54AA6A /* [CP] Check Pods Manifest.lock */ = {
			isa = PBXShellScriptBuildPhase;
			buildActionMask = 2147483647;
			files = (
			);
			inputFileListPaths = (
			);
			inputPaths = (
				"${PODS_PODFILE_DIR_PATH}/Podfile.lock",
				"${PODS_ROOT}/Manifest.lock",
			);
			name = "[CP] Check Pods Manifest.lock";
			outputFileListPaths = (
			);
			outputPaths = (
				"$(DERIVED_FILE_DIR)/Pods-flixsterTests-checkManifestLockResult.txt",
			);
			runOnlyForDeploymentPostprocessing = 0;
			shellPath = /bin/sh;
			shellScript = "diff \"${PODS_PODFILE_DIR_PATH}/Podfile.lock\" \"${PODS_ROOT}/Manifest.lock\" > /dev/null\nif [ $? != 0 ] ; then\n    # print error to STDERR\n    echo \"error: The sandbox is not in sync with the Podfile.lock. Run 'pod install' or update your CocoaPods installation.\" >&2\n    exit 1\nfi\n# This output is used by Xcode 'outputs' to avoid re-running this script phase.\necho \"SUCCESS\" > \"${SCRIPT_OUTPUT_FILE_0}\"\n";
			showEnvVarsInLog = 0;
		};
		32F5833C1EEEBA6A00B539EB /* [CP] Embed Pods Frameworks */ = {
			isa = PBXShellScriptBuildPhase;
			buildActionMask = 2147483647;
			files = (
			);
			inputFileListPaths = (
				"${PODS_ROOT}/Target Support Files/Pods-flixster/Pods-flixster-frameworks-${CONFIGURATION}-input-files.xcfilelist",
			);
			name = "[CP] Embed Pods Frameworks";
			outputFileListPaths = (
				"${PODS_ROOT}/Target Support Files/Pods-flixster/Pods-flixster-frameworks-${CONFIGURATION}-output-files.xcfilelist",
			);
			runOnlyForDeploymentPostprocessing = 0;
			shellPath = /bin/sh;
			shellScript = "\"${PODS_ROOT}/Target Support Files/Pods-flixster/Pods-flixster-frameworks.sh\"\n";
			showEnvVarsInLog = 0;
		};
		8582DCB2F10858A814E9D2C0 /* [CP] Check Pods Manifest.lock */ = {
			isa = PBXShellScriptBuildPhase;
			buildActionMask = 2147483647;
			files = (
			);
			inputFileListPaths = (
			);
			inputPaths = (
				"${PODS_PODFILE_DIR_PATH}/Podfile.lock",
				"${PODS_ROOT}/Manifest.lock",
			);
			name = "[CP] Check Pods Manifest.lock";
			outputFileListPaths = (
			);
			outputPaths = (
				"$(DERIVED_FILE_DIR)/Pods-flixster-checkManifestLockResult.txt",
			);
			runOnlyForDeploymentPostprocessing = 0;
			shellPath = /bin/sh;
			shellScript = "diff \"${PODS_PODFILE_DIR_PATH}/Podfile.lock\" \"${PODS_ROOT}/Manifest.lock\" > /dev/null\nif [ $? != 0 ] ; then\n    # print error to STDERR\n    echo \"error: The sandbox is not in sync with the Podfile.lock. Run 'pod install' or update your CocoaPods installation.\" >&2\n    exit 1\nfi\n# This output is used by Xcode 'outputs' to avoid re-running this script phase.\necho \"SUCCESS\" > \"${SCRIPT_OUTPUT_FILE_0}\"\n";
			showEnvVarsInLog = 0;
		};
		EEACA98FB61F213CAEE8D71F /* [CP] Check Pods Manifest.lock */ = {
			isa = PBXShellScriptBuildPhase;
			buildActionMask = 2147483647;
			files = (
			);
			inputFileListPaths = (
			);
			inputPaths = (
				"${PODS_PODFILE_DIR_PATH}/Podfile.lock",
				"${PODS_ROOT}/Manifest.lock",
			);
			name = "[CP] Check Pods Manifest.lock";
			outputFileListPaths = (
			);
			outputPaths = (
				"$(DERIVED_FILE_DIR)/Pods-flixster-flixsterUITests-checkManifestLockResult.txt",
			);
			runOnlyForDeploymentPostprocessing = 0;
			shellPath = /bin/sh;
			shellScript = "diff \"${PODS_PODFILE_DIR_PATH}/Podfile.lock\" \"${PODS_ROOT}/Manifest.lock\" > /dev/null\nif [ $? != 0 ] ; then\n    # print error to STDERR\n    echo \"error: The sandbox is not in sync with the Podfile.lock. Run 'pod install' or update your CocoaPods installation.\" >&2\n    exit 1\nfi\n# This output is used by Xcode 'outputs' to avoid re-running this script phase.\necho \"SUCCESS\" > \"${SCRIPT_OUTPUT_FILE_0}\"\n";
			showEnvVarsInLog = 0;
		};
/* End PBXShellScriptBuildPhase section */

/* Begin PBXSourcesBuildPhase section */
		DD9F639A251D3C24005370F9 /* Sources */ = {
			isa = PBXSourcesBuildPhase;
			buildActionMask = 2147483647;
			files = (
				DDB8A7B82526774800F99C8C /* MovieDetailsViewController.swift in Sources */,
				DD9F63A2251D3C24005370F9 /* AppDelegate.swift in Sources */,
				DD9F63A4251D3C24005370F9 /* SceneDelegate.swift in Sources */,
				DD9F63D4251D4398005370F9 /* MovieCell.swift in Sources */,
				DD9F63D2251D3E3D005370F9 /* MoviewViewController.swift in Sources */,
				DDB8A7BA252682D400F99C8C /* MovieGridViewController.swift in Sources */,
				DDB8A7BC2526864300F99C8C /* MovieGridCell.swift in Sources */,
			);
			runOnlyForDeploymentPostprocessing = 0;
		};
		DD9F63B0251D3C26005370F9 /* Sources */ = {
			isa = PBXSourcesBuildPhase;
			buildActionMask = 2147483647;
			files = (
				DD9F63B9251D3C26005370F9 /* flixsterTests.swift in Sources */,
			);
			runOnlyForDeploymentPostprocessing = 0;
		};
		DD9F63BB251D3C26005370F9 /* Sources */ = {
			isa = PBXSourcesBuildPhase;
			buildActionMask = 2147483647;
			files = (
				DD9F63C4251D3C26005370F9 /* flixsterUITests.swift in Sources */,
			);
			runOnlyForDeploymentPostprocessing = 0;
		};
/* End PBXSourcesBuildPhase section */

/* Begin PBXTargetDependency section */
		DD9F63B6251D3C26005370F9 /* PBXTargetDependency */ = {
			isa = PBXTargetDependency;
			target = DD9F639D251D3C24005370F9 /* flixster */;
			targetProxy = DD9F63B5251D3C26005370F9 /* PBXContainerItemProxy */;
		};
		DD9F63C1251D3C26005370F9 /* PBXTargetDependency */ = {
			isa = PBXTargetDependency;
			target = DD9F639D251D3C24005370F9 /* flixster */;
			targetProxy = DD9F63C0251D3C26005370F9 /* PBXContainerItemProxy */;
		};
/* End PBXTargetDependency section */

/* Begin PBXVariantGroup section */
		DD9F63A7251D3C24005370F9 /* Main.storyboard */ = {
			isa = PBXVariantGroup;
			children = (
				DD9F63A8251D3C24005370F9 /* Base */,
			);
			name = Main.storyboard;
			sourceTree = "<group>";
		};
		DD9F63AC251D3C26005370F9 /* LaunchScreen.storyboard */ = {
			isa = PBXVariantGroup;
			children = (
				DD9F63AD251D3C26005370F9 /* Base */,
			);
			name = LaunchScreen.storyboard;
			sourceTree = "<group>";
		};
/* End PBXVariantGroup section */

/* Begin XCBuildConfiguration section */
		DD9F63C6251D3C26005370F9 /* Debug */ = {
			isa = XCBuildConfiguration;
			buildSettings = {
				ALWAYS_SEARCH_USER_PATHS = NO;
				CLANG_ANALYZER_NONNULL = YES;
				CLANG_ANALYZER_NUMBER_OBJECT_CONVERSION = YES_AGGRESSIVE;
				CLANG_CXX_LANGUAGE_STANDARD = "gnu++14";
				CLANG_CXX_LIBRARY = "libc++";
				CLANG_ENABLE_MODULES = YES;
				CLANG_ENABLE_OBJC_ARC = YES;
				CLANG_ENABLE_OBJC_WEAK = YES;
				CLANG_WARN_BLOCK_CAPTURE_AUTORELEASING = YES;
				CLANG_WARN_BOOL_CONVERSION = YES;
				CLANG_WARN_COMMA = YES;
				CLANG_WARN_CONSTANT_CONVERSION = YES;
				CLANG_WARN_DEPRECATED_OBJC_IMPLEMENTATIONS = YES;
				CLANG_WARN_DIRECT_OBJC_ISA_USAGE = YES_ERROR;
				CLANG_WARN_DOCUMENTATION_COMMENTS = YES;
				CLANG_WARN_EMPTY_BODY = YES;
				CLANG_WARN_ENUM_CONVERSION = YES;
				CLANG_WARN_INFINITE_RECURSION = YES;
				CLANG_WARN_INT_CONVERSION = YES;
				CLANG_WARN_NON_LITERAL_NULL_CONVERSION = YES;
				CLANG_WARN_OBJC_IMPLICIT_RETAIN_SELF = YES;
				CLANG_WARN_OBJC_LITERAL_CONVERSION = YES;
				CLANG_WARN_OBJC_ROOT_CLASS = YES_ERROR;
				CLANG_WARN_RANGE_LOOP_ANALYSIS = YES;
				CLANG_WARN_STRICT_PROTOTYPES = YES;
				CLANG_WARN_SUSPICIOUS_MOVE = YES;
				CLANG_WARN_UNGUARDED_AVAILABILITY = YES_AGGRESSIVE;
				CLANG_WARN_UNREACHABLE_CODE = YES;
				CLANG_WARN__DUPLICATE_METHOD_MATCH = YES;
				COPY_PHASE_STRIP = NO;
				DEBUG_INFORMATION_FORMAT = dwarf;
				ENABLE_STRICT_OBJC_MSGSEND = YES;
				ENABLE_TESTABILITY = YES;
				GCC_C_LANGUAGE_STANDARD = gnu11;
				GCC_DYNAMIC_NO_PIC = NO;
				GCC_NO_COMMON_BLOCKS = YES;
				GCC_OPTIMIZATION_LEVEL = 0;
				GCC_PREPROCESSOR_DEFINITIONS = (
					"DEBUG=1",
					"$(inherited)",
				);
				GCC_WARN_64_TO_32_BIT_CONVERSION = YES;
				GCC_WARN_ABOUT_RETURN_TYPE = YES_ERROR;
				GCC_WARN_UNDECLARED_SELECTOR = YES;
				GCC_WARN_UNINITIALIZED_AUTOS = YES_AGGRESSIVE;
				GCC_WARN_UNUSED_FUNCTION = YES;
				GCC_WARN_UNUSED_VARIABLE = YES;
				IPHONEOS_DEPLOYMENT_TARGET = 13.0;
				MTL_ENABLE_DEBUG_INFO = INCLUDE_SOURCE;
				MTL_FAST_MATH = YES;
				ONLY_ACTIVE_ARCH = YES;
				SDKROOT = iphoneos;
				SWIFT_ACTIVE_COMPILATION_CONDITIONS = DEBUG;
				SWIFT_OPTIMIZATION_LEVEL = "-Onone";
			};
			name = Debug;
		};
		DD9F63C7251D3C26005370F9 /* Release */ = {
			isa = XCBuildConfiguration;
			buildSettings = {
				ALWAYS_SEARCH_USER_PATHS = NO;
				CLANG_ANALYZER_NONNULL = YES;
				CLANG_ANALYZER_NUMBER_OBJECT_CONVERSION = YES_AGGRESSIVE;
				CLANG_CXX_LANGUAGE_STANDARD = "gnu++14";
				CLANG_CXX_LIBRARY = "libc++";
				CLANG_ENABLE_MODULES = YES;
				CLANG_ENABLE_OBJC_ARC = YES;
				CLANG_ENABLE_OBJC_WEAK = YES;
				CLANG_WARN_BLOCK_CAPTURE_AUTORELEASING = YES;
				CLANG_WARN_BOOL_CONVERSION = YES;
				CLANG_WARN_COMMA = YES;
				CLANG_WARN_CONSTANT_CONVERSION = YES;
				CLANG_WARN_DEPRECATED_OBJC_IMPLEMENTATIONS = YES;
				CLANG_WARN_DIRECT_OBJC_ISA_USAGE = YES_ERROR;
				CLANG_WARN_DOCUMENTATION_COMMENTS = YES;
				CLANG_WARN_EMPTY_BODY = YES;
				CLANG_WARN_ENUM_CONVERSION = YES;
				CLANG_WARN_INFINITE_RECURSION = YES;
				CLANG_WARN_INT_CONVERSION = YES;
				CLANG_WARN_NON_LITERAL_NULL_CONVERSION = YES;
				CLANG_WARN_OBJC_IMPLICIT_RETAIN_SELF = YES;
				CLANG_WARN_OBJC_LITERAL_CONVERSION = YES;
				CLANG_WARN_OBJC_ROOT_CLASS = YES_ERROR;
				CLANG_WARN_RANGE_LOOP_ANALYSIS = YES;
				CLANG_WARN_STRICT_PROTOTYPES = YES;
				CLANG_WARN_SUSPICIOUS_MOVE = YES;
				CLANG_WARN_UNGUARDED_AVAILABILITY = YES_AGGRESSIVE;
				CLANG_WARN_UNREACHABLE_CODE = YES;
				CLANG_WARN__DUPLICATE_METHOD_MATCH = YES;
				COPY_PHASE_STRIP = NO;
				DEBUG_INFORMATION_FORMAT = "dwarf-with-dsym";
				ENABLE_NS_ASSERTIONS = NO;
				ENABLE_STRICT_OBJC_MSGSEND = YES;
				GCC_C_LANGUAGE_STANDARD = gnu11;
				GCC_NO_COMMON_BLOCKS = YES;
				GCC_WARN_64_TO_32_BIT_CONVERSION = YES;
				GCC_WARN_ABOUT_RETURN_TYPE = YES_ERROR;
				GCC_WARN_UNDECLARED_SELECTOR = YES;
				GCC_WARN_UNINITIALIZED_AUTOS = YES_AGGRESSIVE;
				GCC_WARN_UNUSED_FUNCTION = YES;
				GCC_WARN_UNUSED_VARIABLE = YES;
				IPHONEOS_DEPLOYMENT_TARGET = 13.0;
				MTL_ENABLE_DEBUG_INFO = NO;
				MTL_FAST_MATH = YES;
				SDKROOT = iphoneos;
				SWIFT_COMPILATION_MODE = wholemodule;
				SWIFT_OPTIMIZATION_LEVEL = "-O";
				VALIDATE_PRODUCT = YES;
			};
			name = Release;
		};
		DD9F63C9251D3C26005370F9 /* Debug */ = {
			isa = XCBuildConfiguration;
			baseConfigurationReference = 43ACC39ACCAE7E1B78129070 /* Pods-flixster.debug.xcconfig */;
			buildSettings = {
				ASSETCATALOG_COMPILER_APPICON_NAME = AppIcon;
				CODE_SIGN_STYLE = Automatic;
				INFOPLIST_FILE = flixster/Info.plist;
				LD_RUNPATH_SEARCH_PATHS = (
					"$(inherited)",
					"@executable_path/Frameworks",
				);
				PRODUCT_BUNDLE_IDENTIFIER = com.sylvia.flixster;
				PRODUCT_NAME = "$(TARGET_NAME)";
				SWIFT_VERSION = 5.0;
				TARGETED_DEVICE_FAMILY = "1,2";
			};
			name = Debug;
		};
		DD9F63CA251D3C26005370F9 /* Release */ = {
			isa = XCBuildConfiguration;
			baseConfigurationReference = 0B83ED678A02878352B09FE5 /* Pods-flixster.release.xcconfig */;
			buildSettings = {
				ASSETCATALOG_COMPILER_APPICON_NAME = AppIcon;
				CODE_SIGN_STYLE = Automatic;
				INFOPLIST_FILE = flixster/Info.plist;
				LD_RUNPATH_SEARCH_PATHS = (
					"$(inherited)",
					"@executable_path/Frameworks",
				);
				PRODUCT_BUNDLE_IDENTIFIER = com.sylvia.flixster;
				PRODUCT_NAME = "$(TARGET_NAME)";
				SWIFT_VERSION = 5.0;
				TARGETED_DEVICE_FAMILY = "1,2";
			};
			name = Release;
		};
		DD9F63CC251D3C26005370F9 /* Debug */ = {
			isa = XCBuildConfiguration;
			baseConfigurationReference = 4D0C212B8F3FEFB817FF223B /* Pods-flixsterTests.debug.xcconfig */;
			buildSettings = {
				ALWAYS_EMBED_SWIFT_STANDARD_LIBRARIES = YES;
				BUNDLE_LOADER = "$(TEST_HOST)";
				CODE_SIGN_STYLE = Automatic;
				INFOPLIST_FILE = flixsterTests/Info.plist;
				IPHONEOS_DEPLOYMENT_TARGET = 13.0;
				LD_RUNPATH_SEARCH_PATHS = (
					"$(inherited)",
					"@executable_path/Frameworks",
					"@loader_path/Frameworks",
				);
				PRODUCT_BUNDLE_IDENTIFIER = com.sylvia.flixsterTests;
				PRODUCT_NAME = "$(TARGET_NAME)";
				SWIFT_VERSION = 5.0;
				TARGETED_DEVICE_FAMILY = "1,2";
				TEST_HOST = "$(BUILT_PRODUCTS_DIR)/flixster.app/flixster";
			};
			name = Debug;
		};
		DD9F63CD251D3C26005370F9 /* Release */ = {
			isa = XCBuildConfiguration;
			baseConfigurationReference = 756EA4B0DFD0F976DCD69263 /* Pods-flixsterTests.release.xcconfig */;
			buildSettings = {
				ALWAYS_EMBED_SWIFT_STANDARD_LIBRARIES = YES;
				BUNDLE_LOADER = "$(TEST_HOST)";
				CODE_SIGN_STYLE = Automatic;
				INFOPLIST_FILE = flixsterTests/Info.plist;
				IPHONEOS_DEPLOYMENT_TARGET = 13.0;
				LD_RUNPATH_SEARCH_PATHS = (
					"$(inherited)",
					"@executable_path/Frameworks",
					"@loader_path/Frameworks",
				);
				PRODUCT_BUNDLE_IDENTIFIER = com.sylvia.flixsterTests;
				PRODUCT_NAME = "$(TARGET_NAME)";
				SWIFT_VERSION = 5.0;
				TARGETED_DEVICE_FAMILY = "1,2";
				TEST_HOST = "$(BUILT_PRODUCTS_DIR)/flixster.app/flixster";
			};
			name = Release;
		};
		DD9F63CF251D3C26005370F9 /* Debug */ = {
			isa = XCBuildConfiguration;
			baseConfigurationReference = F018FE4D79774D170A283EA0 /* Pods-flixster-flixsterUITests.debug.xcconfig */;
			buildSettings = {
				ALWAYS_EMBED_SWIFT_STANDARD_LIBRARIES = YES;
				CODE_SIGN_STYLE = Automatic;
				INFOPLIST_FILE = flixsterUITests/Info.plist;
				LD_RUNPATH_SEARCH_PATHS = (
					"$(inherited)",
					"@executable_path/Frameworks",
					"@loader_path/Frameworks",
				);
				PRODUCT_BUNDLE_IDENTIFIER = com.sylvia.flixsterUITests;
				PRODUCT_NAME = "$(TARGET_NAME)";
				SWIFT_VERSION = 5.0;
				TARGETED_DEVICE_FAMILY = "1,2";
				TEST_TARGET_NAME = flixster;
			};
			name = Debug;
		};
		DD9F63D0251D3C26005370F9 /* Release */ = {
			isa = XCBuildConfiguration;
			baseConfigurationReference = 12A57101434C1DF00145CEE9 /* Pods-flixster-flixsterUITests.release.xcconfig */;
			buildSettings = {
				ALWAYS_EMBED_SWIFT_STANDARD_LIBRARIES = YES;
				CODE_SIGN_STYLE = Automatic;
				INFOPLIST_FILE = flixsterUITests/Info.plist;
				LD_RUNPATH_SEARCH_PATHS = (
					"$(inherited)",
					"@executable_path/Frameworks",
					"@loader_path/Frameworks",
				);
				PRODUCT_BUNDLE_IDENTIFIER = com.sylvia.flixsterUITests;
				PRODUCT_NAME = "$(TARGET_NAME)";
				SWIFT_VERSION = 5.0;
				TARGETED_DEVICE_FAMILY = "1,2";
				TEST_TARGET_NAME = flixster;
			};
			name = Release;
		};
/* End XCBuildConfiguration section */

/* Begin XCConfigurationList section */
		DD9F6399251D3C24005370F9 /* Build configuration list for PBXProject "flixster" */ = {
			isa = XCConfigurationList;
			buildConfigurations = (
				DD9F63C6251D3C26005370F9 /* Debug */,
				DD9F63C7251D3C26005370F9 /* Release */,
			);
			defaultConfigurationIsVisible = 0;
			defaultConfigurationName = Release;
		};
		DD9F63C8251D3C26005370F9 /* Build configuration list for PBXNativeTarget "flixster" */ = {
			isa = XCConfigurationList;
			buildConfigurations = (
				DD9F63C9251D3C26005370F9 /* Debug */,
				DD9F63CA251D3C26005370F9 /* Release */,
			);
			defaultConfigurationIsVisible = 0;
			defaultConfigurationName = Release;
		};
		DD9F63CB251D3C26005370F9 /* Build configuration list for PBXNativeTarget "flixsterTests" */ = {
			isa = XCConfigurationList;
			buildConfigurations = (
				DD9F63CC251D3C26005370F9 /* Debug */,
				DD9F63CD251D3C26005370F9 /* Release */,
			);
			defaultConfigurationIsVisible = 0;
			defaultConfigurationName = Release;
		};
		DD9F63CE251D3C26005370F9 /* Build configuration list for PBXNativeTarget "flixsterUITests" */ = {
			isa = XCConfigurationList;
			buildConfigurations = (
				DD9F63CF251D3C26005370F9 /* Debug */,
				DD9F63D0251D3C26005370F9 /* Release */,
			);
			defaultConfigurationIsVisible = 0;
			defaultConfigurationName = Release;
		};
/* End XCConfigurationList section */
	};
	rootObject = DD9F6396251D3C24005370F9 /* Project object */;
}
